
Microsoft Visual Studio Solution File, Format Version 12.00
# Visual Studio Version 17
VisualStudioVersion = 17.3.32929.385
MinimumVisualStudioVersion = 10.0.40219.1
Project("{888888A0-9F3D-457C-B088-3A5042F75D52}") = "LombardBot", "LombardBot.pyproj", "{2097DE72-F730-42A7-A51A-75FBB64DE1D8}"
EndProject
Global
	GlobalSection(SolutionConfigurationPlatforms) = preSolution
		Debug|Any CPU = Debug|Any CPU
		Release|Any CPU = Release|Any CPU
	EndGlobalSection
	GlobalSection(ProjectConfigurationPlatforms) = postSolution
		{2097DE72-F730-42A7-A51A-75FBB64DE1D8}.Debug|Any CPU.ActiveCfg = Debug|Any CPU
		{2097DE72-F730-42A7-A51A-75FBB64DE1D8}.Release|Any CPU.ActiveCfg = Release|Any CPU
	EndGlobalSection
	GlobalSection(SolutionProperties) = preSolution
		HideSolutionNode = FALSE
	EndGlobalSection
	GlobalSection(ExtensibilityGlobals) = postSolution
		SolutionGuid = {686C57D2-907D-48CC-8A7E-EBAB6D967204}
	EndGlobalSection
EndGlobal
